
Microsoft Visual Studio Solution File, Format Version 12.00
# Visual Studio Version 17
VisualStudioVersion = 17.8.34525.116
MinimumVisualStudioVersion = 10.0.40219.1
Project("{FAE04EC0-301F-11D3-BF4B-00C04F79EFBC}") = "HvacConsole", "HvacConsole\HvacConsole.csproj", "{859624B8-CF7E-4E76-BA42-C42110E99C34}"
EndProject
Project("{FAE04EC0-301F-11D3-BF4B-00C04F79EFBC}") = "HvacLibrary", "HvacLibrary\HvacLibrary.csproj", "{6C99EEA9-F7B9-4544-BF07-108273DD1824}"
EndProject
Project("{FAE04EC0-301F-11D3-BF4B-00C04F79EFBC}") = "HvacLibraryTests", "HvacLibraryTests\HvacLibraryTests.csproj", "{F1D22FBE-263F-4E9A-882F-04B3538A66FF}"
EndProject
Global
	GlobalSection(SolutionConfigurationPlatforms) = preSolution
		Debug|Any CPU = Debug|Any CPU
		Release|Any CPU = Release|Any CPU
	EndGlobalSection
	GlobalSection(ProjectConfigurationPlatforms) = postSolution
		{859624B8-CF7E-4E76-BA42-C42110E99C34}.Debug|Any CPU.ActiveCfg = Debug|Any CPU
		{859624B8-CF7E-4E76-BA42-C42110E99C34}.Debug|Any CPU.Build.0 = Debug|Any CPU
		{859624B8-CF7E-4E76-BA42-C42110E99C34}.Release|Any CPU.ActiveCfg = Release|Any CPU
		{859624B8-CF7E-4E76-BA42-C42110E99C34}.Release|Any CPU.Build.0 = Release|Any CPU
		{6C99EEA9-F7B9-4544-BF07-108273DD1824}.Debug|Any CPU.ActiveCfg = Debug|Any CPU
		{6C99EEA9-F7B9-4544-BF07-108273DD1824}.Debug|Any CPU.Build.0 = Debug|Any CPU
		{6C99EEA9-F7B9-4544-BF07-108273DD1824}.Release|Any CPU.ActiveCfg = Release|Any CPU
		{6C99EEA9-F7B9-4544-BF07-108273DD1824}.Release|Any CPU.Build.0 = Release|Any CPU
		{F1D22FBE-263F-4E9A-882F-04B3538A66FF}.Debug|Any CPU.ActiveCfg = Debug|Any CPU
		{F1D22FBE-263F-4E9A-882F-04B3538A66FF}.Debug|Any CPU.Build.0 = Debug|Any CPU
		{F1D22FBE-263F-4E9A-882F-04B3538A66FF}.Release|Any CPU.ActiveCfg = Release|Any CPU
		{F1D22FBE-263F-4E9A-882F-04B3538A66FF}.Release|Any CPU.Build.0 = Release|Any CPU
	EndGlobalSection
	GlobalSection(SolutionProperties) = preSolution
		HideSolutionNode = FALSE
	EndGlobalSection
	GlobalSection(ExtensibilityGlobals) = postSolution
		SolutionGuid = {80BCB61D-50B6-42CF-8797-2B852EEE85D7}
	EndGlobalSection
EndGlobal
